
Microsoft Visual Studio Solution File, Format Version 12.00
# Visual Studio Version 16
VisualStudioVersion = 16.0.30128.74
MinimumVisualStudioVersion = 10.0.40219.1
Project("{9A19103F-16F7-4668-BE54-9A1E7A4F7556}") = "corrent-signature", "corrent-signature.csproj", "{A60417EC-50AC-4C37-BC62-75E8F45A757C}"
EndProject
Global
	GlobalSection(SolutionConfigurationPlatforms) = preSolution
		Debug|Any CPU = Debug|Any CPU
		Release|Any CPU = Release|Any CPU
	EndGlobalSection
	GlobalSection(ProjectConfigurationPlatforms) = postSolution
		{A60417EC-50AC-4C37-BC62-75E8F45A757C}.Debug|Any CPU.ActiveCfg = Debug|Any CPU
		{A60417EC-50AC-4C37-BC62-75E8F45A757C}.Debug|Any CPU.Build.0 = Debug|Any CPU
		{A60417EC-50AC-4C37-BC62-75E8F45A757C}.Release|Any CPU.ActiveCfg = Release|Any CPU
		{A60417EC-50AC-4C37-BC62-75E8F45A757C}.Release|Any CPU.Build.0 = Release|Any CPU
	EndGlobalSection
	GlobalSection(SolutionProperties) = preSolution
		HideSolutionNode = FALSE
	EndGlobalSection
	GlobalSection(ExtensibilityGlobals) = postSolution
		SolutionGuid = {66D8D529-9A93-4163-879D-D3FA5C979F9A}
	EndGlobalSection
EndGlobal
